// !$*UTF8*$!
{
	archiveVersion = 1;
	classes = {
	};
	objectVersion = 55;
	objects = {

/* Begin PBXBuildFile section */
		3F8FB0292A9F471D00C89F95 /* AppDelegate.swift in Sources */ = {isa = PBXBuildFile; fileRef = 3F8FB0282A9F471D00C89F95 /* AppDelegate.swift */; };
		3F8FB02B2A9F471D00C89F95 /* SceneDelegate.swift in Sources */ = {isa = PBXBuildFile; fileRef = 3F8FB02A2A9F471D00C89F95 /* SceneDelegate.swift */; };
		3F8FB02D2A9F471D00C89F95 /* ViewController.swift in Sources */ = {isa = PBXBuildFile; fileRef = 3F8FB02C2A9F471D00C89F95 /* ViewController.swift */; };
		3F8FB0302A9F471D00C89F95 /* Main.storyboard in Resources */ = {isa = PBXBuildFile; fileRef = 3F8FB02E2A9F471D00C89F95 /* Main.storyboard */; };
		3F8FB0322A9F471E00C89F95 /* Assets.xcassets in Resources */ = {isa = PBXBuildFile; fileRef = 3F8FB0312A9F471E00C89F95 /* Assets.xcassets */; };
		3F8FB0352A9F471E00C89F95 /* LaunchScreen.storyboard in Resources */ = {isa = PBXBuildFile; fileRef = 3F8FB0332A9F471E00C89F95 /* LaunchScreen.storyboard */; };
		3F8FB0402A9F471E00C89F95 /* testTests.swift in Sources */ = {isa = PBXBuildFile; fileRef = 3F8FB03F2A9F471E00C89F95 /* testTests.swift */; };
		3F8FB04A2A9F471E00C89F95 /* testUITests.swift in Sources */ = {isa = PBXBuildFile; fileRef = 3F8FB0492A9F471E00C89F95 /* testUITests.swift */; };
		3F8FB04C2A9F471E00C89F95 /* testUITestsLaunchTests.swift in Sources */ = {isa = PBXBuildFile; fileRef = 3F8FB04B2A9F471E00C89F95 /* testUITestsLaunchTests.swift */; };
/* End PBXBuildFile section */

/* Begin PBXContainerItemProxy section */
		3F8FB03C2A9F471E00C89F95 /* PBXContainerItemProxy */ = {
			isa = PBXContainerItemProxy;
			containerPortal = 3F8FB01D2A9F471D00C89F95 /* Project object */;
			proxyType = 1;
			remoteGlobalIDString = 3F8FB0242A9F471D00C89F95;
			remoteInfo = test;
		};
		3F8FB0462A9F471E00C89F95 /* PBXContainerItemProxy */ = {
			isa = PBXContainerItemProxy;
			containerPortal = 3F8FB01D2A9F471D00C89F95 /* Project object */;
			proxyType = 1;
			remoteGlobalIDString = 3F8FB0242A9F471D00C89F95;
			remoteInfo = test;
		};
/* End PBXContainerItemProxy section */

/* Begin PBXFileReference section */
		3F8FB0252A9F471D00C89F95 /* test.app */ = {isa = PBXFileReference; explicitFileType = wrapper.application; includeInIndex = 0; path = test.app; sourceTree = BUILT_PRODUCTS_DIR; };
		3F8FB0282A9F471D00C89F95 /* AppDelegate.swift */ = {isa = PBXFileReference; lastKnownFileType = sourcecode.swift; path = AppDelegate.swift; sourceTree = "<group>"; };
		3F8FB02A2A9F471D00C89F95 /* SceneDelegate.swift */ = {isa = PBXFileReference; lastKnownFileType = sourcecode.swift; path = SceneDelegate.swift; sourceTree = "<group>"; };
		3F8FB02C2A9F471D00C89F95 /* ViewController.swift */ = {isa = PBXFileReference; lastKnownFileType = sourcecode.swift; path = ViewController.swift; sourceTree = "<group>"; };
		3F8FB02F2A9F471D00C89F95 /* Base */ = {isa = PBXFileReference; lastKnownFileType = file.storyboard; name = Base; path = Base.lproj/Main.storyboard; sourceTree = "<group>"; };
		3F8FB0312A9F471E00C89F95 /* Assets.xcassets */ = {isa = PBXFileReference; lastKnownFileType = folder.assetcatalog; path = Assets.xcassets; sourceTree = "<group>"; };
		3F8FB0342A9F471E00C89F95 /* Base */ = {isa = PBXFileReference; lastKnownFileType = file.storyboard; name = Base; path = Base.lproj/LaunchScreen.storyboard; sourceTree = "<group>"; };
		3F8FB0362A9F471E00C89F95 /* Info.plist */ = {isa = PBXFileReference; lastKnownFileType = text.plist.xml; path = Info.plist; sourceTree = "<group>"; };
		3F8FB03B2A9F471E00C89F95 /* testTests.xctest */ = {isa = PBXFileReference; explicitFileType = wrapper.cfbundle; includeInIndex = 0; path = testTests.xctest; sourceTree = BUILT_PRODUCTS_DIR; };
		3F8FB03F2A9F471E00C89F95 /* testTests.swift */ = {isa = PBXFileReference; lastKnownFileType = sourcecode.swift; path = testTests.swift; sourceTree = "<group>"; };
		3F8FB0452A9F471E00C89F95 /* testUITests.xctest */ = {isa = PBXFileReference; explicitFileType = wrapper.cfbundle; includeInIndex = 0; path = testUITests.xctest; sourceTree = BUILT_PRODUCTS_DIR; };
		3F8FB0492A9F471E00C89F95 /* testUITests.swift */ = {isa = PBXFileReference; lastKnownFileType = sourcecode.swift; path = testUITests.swift; sourceTree = "<group>"; };
		3F8FB04B2A9F471E00C89F95 /* testUITestsLaunchTests.swift */ = {isa = PBXFileReference; lastKnownFileType = sourcecode.swift; path = testUITestsLaunchTests.swift; sourceTree = "<group>"; };
/* End PBXFileReference section */

/* Begin PBXFrameworksBuildPhase section */
		3F8FB0222A9F471D00C89F95 /* Frameworks */ = {
			isa = PBXFrameworksBuildPhase;
			buildActionMask = 2147483647;
			files = (
			);
			runOnlyForDeploymentPostprocessing = 0;
		};
		3F8FB0382A9F471E00C89F95 /* Frameworks */ = {
			isa = PBXFrameworksBuildPhase;
			buildActionMask = 2147483647;
			files = (
			);
			runOnlyForDeploymentPostprocessing = 0;
		};
		3F8FB0422A9F471E00C89F95 /* Frameworks */ = {
			isa = PBXFrameworksBuildPhase;
			buildActionMask = 2147483647;
			files = (
			);
			runOnlyForDeploymentPostprocessing = 0;
		};
/* End PBXFrameworksBuildPhase section */

/* Begin PBXGroup section */
		3F8FB01C2A9F471D00C89F95 = {
			isa = PBXGroup;
			children = (
				3F8FB0272A9F471D00C89F95 /* test */,
				3F8FB03E2A9F471E00C89F95 /* testTests */,
				3F8FB0482A9F471E00C89F95 /* testUITests */,
				3F8FB0262A9F471D00C89F95 /* Products */,
			);
			sourceTree = "<group>";
		};
		3F8FB0262A9F471D00C89F95 /* Products */ = {
			isa = PBXGroup;
			children = (
				3F8FB0252A9F471D00C89F95 /* test.app */,
				3F8FB03B2A9F471E00C89F95 /* testTests.xctest */,
				3F8FB0452A9F471E00C89F95 /* testUITests.xctest */,
			);
			name = Products;
			sourceTree = "<group>";
		};
		3F8FB0272A9F471D00C89F95 /* test */ = {
			isa = PBXGroup;
			children = (
				3F8FB0282A9F471D00C89F95 /* AppDelegate.swift */,
				3F8FB02A2A9F471D00C89F95 /* SceneDelegate.swift */,
				3F8FB02C2A9F471D00C89F95 /* ViewController.swift */,
				3F8FB02E2A9F471D00C89F95 /* Main.storyboard */,
				3F8FB0312A9F471E00C89F95 /* Assets.xcassets */,
				3F8FB0332A9F471E00C89F95 /* LaunchScreen.storyboard */,
				3F8FB0362A9F471E00C89F95 /* Info.plist */,
			);
			path = test;
			sourceTree = "<group>";
		};
		3F8FB03E2A9F471E00C89F95 /* testTests */ = {
			isa = PBXGroup;
			children = (
				3F8FB03F2A9F471E00C89F95 /* testTests.swift */,
			);
			path = testTests;
			sourceTree = "<group>";
		};
		3F8FB0482A9F471E00C89F95 /* testUITests */ = {
			isa = PBXGroup;
			children = (
				3F8FB0492A9F471E00C89F95 /* testUITests.swift */,
				3F8FB04B2A9F471E00C89F95 /* testUITestsLaunchTests.swift */,
			);
			path = testUITests;
			sourceTree = "<group>";
		};
/* End PBXGroup section */

/* Begin PBXNativeTarget section */
		3F8FB0242A9F471D00C89F95 /* test */ = {
			isa = PBXNativeTarget;
			buildConfigurationList = 3F8FB04F2A9F471E00C89F95 /* Build configuration list for PBXNativeTarget "test" */;
			buildPhases = (
				3F8FB0212A9F471D00C89F95 /* Sources */,
				3F8FB0222A9F471D00C89F95 /* Frameworks */,
				3F8FB0232A9F471D00C89F95 /* Resources */,
			);
			buildRules = (
			);
			dependencies = (
			);
			name = test;
			productName = test;
			productReference = 3F8FB0252A9F471D00C89F95 /* test.app */;
			productType = "com.apple.product-type.application";
		};
		3F8FB03A2A9F471E00C89F95 /* testTests */ = {
			isa = PBXNativeTarget;
			buildConfigurationList = 3F8FB0522A9F471E00C89F95 /* Build configuration list for PBXNativeTarget "testTests" */;
			buildPhases = (
				3F8FB0372A9F471E00C89F95 /* Sources */,
				3F8FB0382A9F471E00C89F95 /* Frameworks */,
				3F8FB0392A9F471E00C89F95 /* Resources */,
			);
			buildRules = (
			);
			dependencies = (
				3F8FB03D2A9F471E00C89F95 /* PBXTargetDependency */,
			);
			name = testTests;
			productName = testTests;
			productReference = 3F8FB03B2A9F471E00C89F95 /* testTests.xctest */;
			productType = "com.apple.product-type.bundle.unit-test";
		};
		3F8FB0442A9F471E00C89F95 /* testUITests */ = {
			isa = PBXNativeTarget;
			buildConfigurationList = 3F8FB0552A9F471E00C89F95 /* Build configuration list for PBXNativeTarget "testUITests" */;
			buildPhases = (
				3F8FB0412A9F471E00C89F95 /* Sources */,
				3F8FB0422A9F471E00C89F95 /* Frameworks */,
				3F8FB0432A9F471E00C89F95 /* Resources */,
			);
			buildRules = (
			);
			dependencies = (
				3F8FB0472A9F471E00C89F95 /* PBXTargetDependency */,
			);
			name = testUITests;
			productName = testUITests;
			productReference = 3F8FB0452A9F471E00C89F95 /* testUITests.xctest */;
			productType = "com.apple.product-type.bundle.ui-testing";
		};
/* End PBXNativeTarget section */

/* Begin PBXProject section */
		3F8FB01D2A9F471D00C89F95 /* Project object */ = {
			isa = PBXProject;
			attributes = {
				BuildIndependentTargetsInParallel = 1;
				LastSwiftUpdateCheck = 1320;
				LastUpgradeCheck = 1320;
				TargetAttributes = {
					3F8FB0242A9F471D00C89F95 = {
						CreatedOnToolsVersion = 13.2.1;
					};
					3F8FB03A2A9F471E00C89F95 = {
						CreatedOnToolsVersion = 13.2.1;
						TestTargetID = 3F8FB0242A9F471D00C89F95;
					};
					3F8FB0442A9F471E00C89F95 = {
						CreatedOnToolsVersion = 13.2.1;
						TestTargetID = 3F8FB0242A9F471D00C89F95;
					};
				};
			};
			buildConfigurationList = 3F8FB0202A9F471D00C89F95 /* Build configuration list for PBXProject "test" */;
			compatibilityVersion = "Xcode 13.0";
			developmentRegion = en;
			hasScannedForEncodings = 0;
			knownRegions = (
				en,
				Base,
			);
			mainGroup = 3F8FB01C2A9F471D00C89F95;
			productRefGroup = 3F8FB0262A9F471D00C89F95 /* Products */;
			projectDirPath = "";
			projectRoot = "";
			targets = (
				3F8FB0242A9F471D00C89F95 /* test */,
				3F8FB03A2A9F471E00C89F95 /* testTests */,
				3F8FB0442A9F471E00C89F95 /* testUITests */,
			);
		};
/* End PBXProject section */

/* Begin PBXResourcesBuildPhase section */
		3F8FB0232A9F471D00C89F95 /* Resources */ = {
			isa = PBXResourcesBuildPhase;
			buildActionMask = 2147483647;
			files = (
				3F8FB0352A9F471E00C89F95 /* LaunchScreen.storyboard in Resources */,
				3F8FB0322A9F471E00C89F95 /* Assets.xcassets in Resources */,
				3F8FB0302A9F471D00C89F95 /* Main.storyboard in Resources */,
			);
			runOnlyForDeploymentPostprocessing = 0;
		};
		3F8FB0392A9F471E00C89F95 /* Resources */ = {
			isa = PBXResourcesBuildPhase;
			buildActionMask = 2147483647;
			files = (
			);
			runOnlyForDeploymentPostprocessing = 0;
		};
		3F8FB0432A9F471E00C89F95 /* Resources */ = {
			isa = PBXResourcesBuildPhase;
			buildActionMask = 2147483647;
			files = (
			);
			runOnlyForDeploymentPostprocessing = 0;
		};
/* End PBXResourcesBuildPhase section */

/* Begin PBXSourcesBuildPhase section */
		3F8FB0212A9F471D00C89F95 /* Sources */ = {
			isa = PBXSourcesBuildPhase;
			buildActionMask = 2147483647;
			files = (
				3F8FB02D2A9F471D00C89F95 /* ViewController.swift in Sources */,
				3F8FB0292A9F471D00C89F95 /* AppDelegate.swift in Sources */,
				3F8FB02B2A9F471D00C89F95 /* SceneDelegate.swift in Sources */,
			);
			runOnlyForDeploymentPostprocessing = 0;
		};
		3F8FB0372A9F471E00C89F95 /* Sources */ = {
			isa = PBXSourcesBuildPhase;
			buildActionMask = 2147483647;
			files = (
				3F8FB0402A9F471E00C89F95 /* testTests.swift in Sources */,
			);
			runOnlyForDeploymentPostprocessing = 0;
		};
		3F8FB0412A9F471E00C89F95 /* Sources */ = {
			isa = PBXSourcesBuildPhase;
			buildActionMask = 2147483647;
			files = (
				3F8FB04C2A9F471E00C89F95 /* testUITestsLaunchTests.swift in Sources */,
				3F8FB04A2A9F471E00C89F95 /* testUITests.swift in Sources */,
			);
			runOnlyForDeploymentPostprocessing = 0;
		};
/* End PBXSourcesBuildPhase section */

/* Begin PBXTargetDependency section */
		3F8FB03D2A9F471E00C89F95 /* PBXTargetDependency */ = {
			isa = PBXTargetDependency;
			target = 3F8FB0242A9F471D00C89F95 /* test */;
			targetProxy = 3F8FB03C2A9F471E00C89F95 /* PBXContainerItemProxy */;
		};
		3F8FB0472A9F471E00C89F95 /* PBXTargetDependency */ = {
			isa = PBXTargetDependency;
			target = 3F8FB0242A9F471D00C89F95 /* test */;
			targetProxy = 3F8FB0462A9F471E00C89F95 /* PBXContainerItemProxy */;
		};
/* End PBXTargetDependency section */

/* Begin PBXVariantGroup section */
		3F8FB02E2A9F471D00C89F95 /* Main.storyboard */ = {
			isa = PBXVariantGroup;
			children = (
				3F8FB02F2A9F471D00C89F95 /* Base */,
			);
			name = Main.storyboard;
			sourceTree = "<group>";
		};
		3F8FB0332A9F471E00C89F95 /* LaunchScreen.storyboard */ = {
			isa = PBXVariantGroup;
			children = (
				3F8FB0342A9F471E00C89F95 /* Base */,
			);
			name = LaunchScreen.storyboard;
			sourceTree = "<group>";
		};
/* End PBXVariantGroup section */

/* Begin XCBuildConfiguration section */
		3F8FB04D2A9F471E00C89F95 /* Debug */ = {
			isa = XCBuildConfiguration;
			buildSettings = {
				ALWAYS_SEARCH_USER_PATHS = NO;
				CLANG_ANALYZER_NONNULL = YES;
				CLANG_ANALYZER_NUMBER_OBJECT_CONVERSION = YES_AGGRESSIVE;
				CLANG_CXX_LANGUAGE_STANDARD = "gnu++17";
				CLANG_CXX_LIBRARY = "libc++";
				CLANG_ENABLE_MODULES = YES;
				CLANG_ENABLE_OBJC_ARC = YES;
				CLANG_ENABLE_OBJC_WEAK = YES;
				CLANG_WARN_BLOCK_CAPTURE_AUTORELEASING = YES;
				CLANG_WARN_BOOL_CONVERSION = YES;
				CLANG_WARN_COMMA = YES;
				CLANG_WARN_CONSTANT_CONVERSION = YES;
				CLANG_WARN_DEPRECATED_OBJC_IMPLEMENTATIONS = YES;
				CLANG_WARN_DIRECT_OBJC_ISA_USAGE = YES_ERROR;
				CLANG_WARN_DOCUMENTATION_COMMENTS = YES;
				CLANG_WARN_EMPTY_BODY = YES;
				CLANG_WARN_ENUM_CONVERSION = YES;
				CLANG_WARN_INFINITE_RECURSION = YES;
				CLANG_WARN_INT_CONVERSION = YES;
				CLANG_WARN_NON_LITERAL_NULL_CONVERSION = YES;
				CLANG_WARN_OBJC_IMPLICIT_RETAIN_SELF = YES;
				CLANG_WARN_OBJC_LITERAL_CONVERSION = YES;
				CLANG_WARN_OBJC_ROOT_CLASS = YES_ERROR;
				CLANG_WARN_QUOTED_INCLUDE_IN_FRAMEWORK_HEADER = YES;
				CLANG_WARN_RANGE_LOOP_ANALYSIS = YES;
				CLANG_WARN_STRICT_PROTOTYPES = YES;
				CLANG_WARN_SUSPICIOUS_MOVE = YES;
				CLANG_WARN_UNGUARDED_AVAILABILITY = YES_AGGRESSIVE;
				CLANG_WARN_UNREACHABLE_CODE = YES;
				CLANG_WARN__DUPLICATE_METHOD_MATCH = YES;
				COPY_PHASE_STRIP = NO;
				DEBUG_INFORMATION_FORMAT = dwarf;
				ENABLE_STRICT_OBJC_MSGSEND = YES;
				ENABLE_TESTABILITY = YES;
				GCC_C_LANGUAGE_STANDARD = gnu11;
				GCC_DYNAMIC_NO_PIC = NO;
				GCC_NO_COMMON_BLOCKS = YES;
				GCC_OPTIMIZATION_LEVEL = 0;
				GCC_PREPROCESSOR_DEFINITIONS = (
					"DEBUG=1",
					"$(inherited)",
				);
				GCC_WARN_64_TO_32_BIT_CONVERSION = YES;
				GCC_WARN_ABOUT_RETURN_TYPE = YES_ERROR;
				GCC_WARN_UNDECLARED_SELECTOR = YES;
				GCC_WARN_UNINITIALIZED_AUTOS = YES_AGGRESSIVE;
				GCC_WARN_UNUSED_FUNCTION = YES;
				GCC_WARN_UNUSED_VARIABLE = YES;
				IPHONEOS_DEPLOYMENT_TARGET = 15.2;
				MTL_ENABLE_DEBUG_INFO = INCLUDE_SOURCE;
				MTL_FAST_MATH = YES;
				ONLY_ACTIVE_ARCH = YES;
				SDKROOT = iphoneos;
				SWIFT_ACTIVE_COMPILATION_CONDITIONS = DEBUG;
				SWIFT_OPTIMIZATION_LEVEL = "-Onone";
			};
			name = Debug;
		};
		3F8FB04E2A9F471E00C89F95 /* Release */ = {
			isa = XCBuildConfiguration;
			buildSettings = {
				ALWAYS_SEARCH_USER_PATHS = NO;
				CLANG_ANALYZER_NONNULL = YES;
				CLANG_ANALYZER_NUMBER_OBJECT_CONVERSION = YES_AGGRESSIVE;
				CLANG_CXX_LANGUAGE_STANDARD = "gnu++17";
				CLANG_CXX_LIBRARY = "libc++";
				CLANG_ENABLE_MODULES = YES;
				CLANG_ENABLE_OBJC_ARC = YES;
				CLANG_ENABLE_OBJC_WEAK = YES;
				CLANG_WARN_BLOCK_CAPTURE_AUTORELEASING = YES;
				CLANG_WARN_BOOL_CONVERSION = YES;
				CLANG_WARN_COMMA = YES;
				CLANG_WARN_CONSTANT_CONVERSION = YES;
				CLANG_WARN_DEPRECATED_OBJC_IMPLEMENTATIONS = YES;
				CLANG_WARN_DIRECT_OBJC_ISA_USAGE = YES_ERROR;
				CLANG_WARN_DOCUMENTATION_COMMENTS = YES;
				CLANG_WARN_EMPTY_BODY = YES;
				CLANG_WARN_ENUM_CONVERSION = YES;
				CLANG_WARN_INFINITE_RECURSION = YES;
				CLANG_WARN_INT_CONVERSION = YES;
				CLANG_WARN_NON_LITERAL_NULL_CONVERSION = YES;
				CLANG_WARN_OBJC_IMPLICIT_RETAIN_SELF = YES;
				CLANG_WARN_OBJC_LITERAL_CONVERSION = YES;
				CLANG_WARN_OBJC_ROOT_CLASS = YES_ERROR;
				CLANG_WARN_QUOTED_INCLUDE_IN_FRAMEWORK_HEADER = YES;
				CLANG_WARN_RANGE_LOOP_ANALYSIS = YES;
				CLANG_WARN_STRICT_PROTOTYPES = YES;
				CLANG_WARN_SUSPICIOUS_MOVE = YES;
				CLANG_WARN_UNGUARDED_AVAILABILITY = YES_AGGRESSIVE;
				CLANG_WARN_UNREACHABLE_CODE = YES;
				CLANG_WARN__DUPLICATE_METHOD_MATCH = YES;
				COPY_PHASE_STRIP = NO;
				DEBUG_INFORMATION_FORMAT = "dwarf-with-dsym";
				ENABLE_NS_ASSERTIONS = NO;
				ENABLE_STRICT_OBJC_MSGSEND = YES;
				GCC_C_LANGUAGE_STANDARD = gnu11;
				GCC_NO_COMMON_BLOCKS = YES;
				GCC_WARN_64_TO_32_BIT_CONVERSION = YES;
				GCC_WARN_ABOUT_RETURN_TYPE = YES_ERROR;
				GCC_WARN_UNDECLARED_SELECTOR = YES;
				GCC_WARN_UNINITIALIZED_AUTOS = YES_AGGRESSIVE;
				GCC_WARN_UNUSED_FUNCTION = YES;
				GCC_WARN_UNUSED_VARIABLE = YES;
				IPHONEOS_DEPLOYMENT_TARGET = 15.2;
				MTL_ENABLE_DEBUG_INFO = NO;
				MTL_FAST_MATH = YES;
				SDKROOT = iphoneos;
				SWIFT_COMPILATION_MODE = wholemodule;
				SWIFT_OPTIMIZATION_LEVEL = "-O";
				VALIDATE_PRODUCT = YES;
			};
			name = Release;
		};
		3F8FB0502A9F471E00C89F95 /* Debug */ = {
			isa = XCBuildConfiguration;
			buildSettings = {
				ASSETCATALOG_COMPILER_APPICON_NAME = AppIcon;
				ASSETCATALOG_COMPILER_GLOBAL_ACCENT_COLOR_NAME = AccentColor;
				CODE_SIGN_STYLE = Automatic;
				CURRENT_PROJECT_VERSION = 1;
				GENERATE_INFOPLIST_FILE = YES;
				INFOPLIST_FILE = test/Info.plist;
				INFOPLIST_KEY_UIApplicationSupportsIndirectInputEvents = YES;
				INFOPLIST_KEY_UILaunchStoryboardName = LaunchScreen;
				INFOPLIST_KEY_UIMainStoryboardFile = Main;
				INFOPLIST_KEY_UISupportedInterfaceOrientations_iPad = "UIInterfaceOrientationPortrait UIInterfaceOrientationPortraitUpsideDown UIInterfaceOrientationLandscapeLeft UIInterfaceOrientationLandscapeRight";
				INFOPLIST_KEY_UISupportedInterfaceOrientations_iPhone = "UIInterfaceOrientationPortrait UIInterfaceOrientationLandscapeLeft UIInterfaceOrientationLandscapeRight";
				LD_RUNPATH_SEARCH_PATHS = (
					"$(inherited)",
					"@executable_path/Frameworks",
				);
				MARKETING_VERSION = 1.0;
				PRODUCT_BUNDLE_IDENTIFIER = com.test.test;
				PRODUCT_NAME = "$(TARGET_NAME)";
				SWIFT_EMIT_LOC_STRINGS = YES;
				SWIFT_VERSION = 5.0;
				TARGETED_DEVICE_FAMILY = "1,2";
			};
			name = Debug;
		};
		3F8FB0512A9F471E00C89F95 /* Release */ = {
			isa = XCBuildConfiguration;
			buildSettings = {
				ASSETCATALOG_COMPILER_APPICON_NAME = AppIcon;
				ASSETCATALOG_COMPILER_GLOBAL_ACCENT_COLOR_NAME = AccentColor;
				CODE_SIGN_STYLE = Automatic;
				CURRENT_PROJECT_VERSION = 1;
				GENERATE_INFOPLIST_FILE = YES;
				INFOPLIST_FILE = test/Info.plist;
				INFOPLIST_KEY_UIApplicationSupportsIndirectInputEvents = YES;
				INFOPLIST_KEY_UILaunchStoryboardName = LaunchScreen;
				INFOPLIST_KEY_UIMainStoryboardFile = Main;
				INFOPLIST_KEY_UISupportedInterfaceOrientations_iPad = "UIInterfaceOrientationPortrait UIInterfaceOrientationPortraitUpsideDown UIInterfaceOrientationLandscapeLeft UIInterfaceOrientationLandscapeRight";
				INFOPLIST_KEY_UISupportedInterfaceOrientations_iPhone = "UIInterfaceOrientationPortrait UIInterfaceOrientationLandscapeLeft UIInterfaceOrientationLandscapeRight";
				LD_RUNPATH_SEARCH_PATHS = (
					"$(inherited)",
					"@executable_path/Frameworks",
				);
				MARKETING_VERSION = 1.0;
				PRODUCT_BUNDLE_IDENTIFIER = com.test.test;
				PRODUCT_NAME = "$(TARGET_NAME)";
				SWIFT_EMIT_LOC_STRINGS = YES;
				SWIFT_VERSION = 5.0;
				TARGETED_DEVICE_FAMILY = "1,2";
			};
			name = Release;
		};
		3F8FB0532A9F471E00C89F95 /* Debug */ = {
			isa = XCBuildConfiguration;
			buildSettings = {
				ALWAYS_EMBED_SWIFT_STANDARD_LIBRARIES = YES;
				BUNDLE_LOADER = "$(TEST_HOST)";
				CODE_SIGN_STYLE = Automatic;
				CURRENT_PROJECT_VERSION = 1;
				GENERATE_INFOPLIST_FILE = YES;
				IPHONEOS_DEPLOYMENT_TARGET = 15.2;
				MARKETING_VERSION = 1.0;
				PRODUCT_BUNDLE_IDENTIFIER = com.test.testTests;
				PRODUCT_NAME = "$(TARGET_NAME)";
				SWIFT_EMIT_LOC_STRINGS = NO;
				SWIFT_VERSION = 5.0;
				TARGETED_DEVICE_FAMILY = "1,2";
				TEST_HOST = "$(BUILT_PRODUCTS_DIR)/test.app/test";
			};
			name = Debug;
		};
		3F8FB0542A9F471E00C89F95 /* Release */ = {
			isa = XCBuildConfiguration;
			buildSettings = {
				ALWAYS_EMBED_SWIFT_STANDARD_LIBRARIES = YES;
				BUNDLE_LOADER = "$(TEST_HOST)";
				CODE_SIGN_STYLE = Automatic;
				CURRENT_PROJECT_VERSION = 1;
				GENERATE_INFOPLIST_FILE = YES;
				IPHONEOS_DEPLOYMENT_TARGET = 15.2;
				MARKETING_VERSION = 1.0;
				PRODUCT_BUNDLE_IDENTIFIER = com.test.testTests;
				PRODUCT_NAME = "$(TARGET_NAME)";
				SWIFT_EMIT_LOC_STRINGS = NO;
				SWIFT_VERSION = 5.0;
				TARGETED_DEVICE_FAMILY = "1,2";
				TEST_HOST = "$(BUILT_PRODUCTS_DIR)/test.app/test";
			};
			name = Release;
		};
		3F8FB0562A9F471E00C89F95 /* Debug */ = {
			isa = XCBuildConfiguration;
			buildSettings = {
				ALWAYS_EMBED_SWIFT_STANDARD_LIBRARIES = YES;
				CODE_SIGN_STYLE = Automatic;
				CURRENT_PROJECT_VERSION = 1;
				GENERATE_INFOPLIST_FILE = YES;
				MARKETING_VERSION = 1.0;
				PRODUCT_BUNDLE_IDENTIFIER = com.test.testUITests;
				PRODUCT_NAME = "$(TARGET_NAME)";
				SWIFT_EMIT_LOC_STRINGS = NO;
				SWIFT_VERSION = 5.0;
				TARGETED_DEVICE_FAMILY = "1,2";
				TEST_TARGET_NAME = test;
			};
			name = Debug;
		};
		3F8FB0572A9F471E00C89F95 /* Release */ = {
			isa = XCBuildConfiguration;
			buildSettings = {
				ALWAYS_EMBED_SWIFT_STANDARD_LIBRARIES = YES;
				CODE_SIGN_STYLE = Automatic;
				CURRENT_PROJECT_VERSION = 1;
				GENERATE_INFOPLIST_FILE = YES;
				MARKETING_VERSION = 1.0;
				PRODUCT_BUNDLE_IDENTIFIER = com.test.testUITests;
				PRODUCT_NAME = "$(TARGET_NAME)";
				SWIFT_EMIT_LOC_STRINGS = NO;
				SWIFT_VERSION = 5.0;
				TARGETED_DEVICE_FAMILY = "1,2";
				TEST_TARGET_NAME = test;
			};
			name = Release;
		};
/* End XCBuildConfiguration section */

/* Begin XCConfigurationList section */
		3F8FB0202A9F471D00C89F95 /* Build configuration list for PBXProject "test" */ = {
			isa = XCConfigurationList;
			buildConfigurations = (
				3F8FB04D2A9F471E00C89F95 /* Debug */,
				3F8FB04E2A9F471E00C89F95 /* Release */,
			);
			defaultConfigurationIsVisible = 0;
			defaultConfigurationName = Release;
		};
		3F8FB04F2A9F471E00C89F95 /* Build configuration list for PBXNativeTarget "test" */ = {
			isa = XCConfigurationList;
			buildConfigurations = (
				3F8FB0502A9F471E00C89F95 /* Debug */,
				3F8FB0512A9F471E00C89F95 /* Release */,
			);
			defaultConfigurationIsVisible = 0;
			defaultConfigurationName = Release;
		};
		3F8FB0522A9F471E00C89F95 /* Build configuration list for PBXNativeTarget "testTests" */ = {
			isa = XCConfigurationList;
			buildConfigurations = (
				3F8FB0532A9F471E00C89F95 /* Debug */,
				3F8FB0542A9F471E00C89F95 /* Release */,
			);
			defaultConfigurationIsVisible = 0;
			defaultConfigurationName = Release;
		};
		3F8FB0552A9F471E00C89F95 /* Build configuration list for PBXNativeTarget "testUITests" */ = {
			isa = XCConfigurationList;
			buildConfigurations = (
				3F8FB0562A9F471E00C89F95 /* Debug */,
				3F8FB0572A9F471E00C89F95 /* Release */,
			);
			defaultConfigurationIsVisible = 0;
			defaultConfigurationName = Release;
		};
/* End XCConfigurationList section */
	};
	rootObject = 3F8FB01D2A9F471D00C89F95 /* Project object */;
}
